
Microsoft Visual Studio Solution File, Format Version 12.00
# Visual Studio Version 16
VisualStudioVersion = 16.0.31702.278
MinimumVisualStudioVersion = 10.0.40219.1
Project("{FAE04EC0-301F-11D3-BF4B-00C04F79EFBC}") = "GHSContratoWeb", "GHSContratoWeb\GHSContratoWeb.csproj", "{BF3D7220-93EF-4CF2-8E57-E822781AFD22}"
EndProject
Global
	GlobalSection(SolutionConfigurationPlatforms) = preSolution
		Debug|Any CPU = Debug|Any CPU
		Release|Any CPU = Release|Any CPU
	EndGlobalSection
	GlobalSection(ProjectConfigurationPlatforms) = postSolution
		{BF3D7220-93EF-4CF2-8E57-E822781AFD22}.Debug|Any CPU.ActiveCfg = Debug|Any CPU
		{BF3D7220-93EF-4CF2-8E57-E822781AFD22}.Debug|Any CPU.Build.0 = Debug|Any CPU
		{BF3D7220-93EF-4CF2-8E57-E822781AFD22}.Release|Any CPU.ActiveCfg = Release|Any CPU
		{BF3D7220-93EF-4CF2-8E57-E822781AFD22}.Release|Any CPU.Build.0 = Release|Any CPU
	EndGlobalSection
	GlobalSection(SolutionProperties) = preSolution
		HideSolutionNode = FALSE
	EndGlobalSection
	GlobalSection(ExtensibilityGlobals) = postSolution
		SolutionGuid = {1D529681-B476-47B3-9859-E43849B29EEB}
	EndGlobalSection
EndGlobal
